
Microsoft Visual Studio Solution File, Format Version 12.00
Project("{FAE04EC0-301F-11D3-BF4B-00C04F79EFBC}") = "Planificateur.Core", "src\Planificateur.Core\Planificateur.Core.csproj", "{FBD11476-5841-4765-9836-44F65D6B95E4}"
EndProject
Project("{FAE04EC0-301F-11D3-BF4B-00C04F79EFBC}") = "Planificateur.Web", "src\Planificateur.Web\Planificateur.Web.csproj", "{1B6ECCFD-50E4-43CA-9290-FC851F1F9B28}"
EndProject
Project("{FAE04EC0-301F-11D3-BF4B-00C04F79EFBC}") = "Planificateur.Core.Tests", "test\Planificateur.Core.Tests\Planificateur.Core.Tests.csproj", "{41C8E50C-625C-40C2-B4AA-CF4E967551DB}"
EndProject
Project("{FAE04EC0-301F-11D3-BF4B-00C04F79EFBC}") = "Planificateur.Web.IntegrationTests", "test\Planificateur.Web.IntegrationTests\Planificateur.Web.IntegrationTests.csproj", "{50605981-15EE-4274-809C-066EA74705B8}"
EndProject
Project("{FAE04EC0-301F-11D3-BF4B-00C04F79EFBC}") = "Planificateur.Web.EndToEndTests", "test\Planificateur.Web.EndToEndTests\Planificateur.Web.EndToEndTests.csproj", "{8650026C-CA08-4FB5-BDD4-D90D8CCA0F02}"
EndProject
Project("{FAE04EC0-301F-11D3-BF4B-00C04F79EFBC}") = "Planificateur.Tests.Shared", "test\Planificateur.Tests.Shared\Planificateur.Tests.Shared.csproj", "{EE70130A-70B7-44FB-987C-1594BEDD7571}"
EndProject
Global
	GlobalSection(SolutionConfigurationPlatforms) = preSolution
		Debug|Any CPU = Debug|Any CPU
		Release|Any CPU = Release|Any CPU
	EndGlobalSection
	GlobalSection(ProjectConfigurationPlatforms) = postSolution
		{FBD11476-5841-4765-9836-44F65D6B95E4}.Debug|Any CPU.ActiveCfg = Debug|Any CPU
		{FBD11476-5841-4765-9836-44F65D6B95E4}.Debug|Any CPU.Build.0 = Debug|Any CPU
		{FBD11476-5841-4765-9836-44F65D6B95E4}.Release|Any CPU.ActiveCfg = Release|Any CPU
		{FBD11476-5841-4765-9836-44F65D6B95E4}.Release|Any CPU.Build.0 = Release|Any CPU
		{1B6ECCFD-50E4-43CA-9290-FC851F1F9B28}.Debug|Any CPU.ActiveCfg = Debug|Any CPU
		{1B6ECCFD-50E4-43CA-9290-FC851F1F9B28}.Debug|Any CPU.Build.0 = Debug|Any CPU
		{1B6ECCFD-50E4-43CA-9290-FC851F1F9B28}.Release|Any CPU.ActiveCfg = Release|Any CPU
		{1B6ECCFD-50E4-43CA-9290-FC851F1F9B28}.Release|Any CPU.Build.0 = Release|Any CPU
		{41C8E50C-625C-40C2-B4AA-CF4E967551DB}.Debug|Any CPU.ActiveCfg = Debug|Any CPU
		{41C8E50C-625C-40C2-B4AA-CF4E967551DB}.Debug|Any CPU.Build.0 = Debug|Any CPU
		{41C8E50C-625C-40C2-B4AA-CF4E967551DB}.Release|Any CPU.ActiveCfg = Release|Any CPU
		{41C8E50C-625C-40C2-B4AA-CF4E967551DB}.Release|Any CPU.Build.0 = Release|Any CPU
		{50605981-15EE-4274-809C-066EA74705B8}.Debug|Any CPU.ActiveCfg = Debug|Any CPU
		{50605981-15EE-4274-809C-066EA74705B8}.Debug|Any CPU.Build.0 = Debug|Any CPU
		{50605981-15EE-4274-809C-066EA74705B8}.Release|Any CPU.ActiveCfg = Release|Any CPU
		{50605981-15EE-4274-809C-066EA74705B8}.Release|Any CPU.Build.0 = Release|Any CPU
		{8650026C-CA08-4FB5-BDD4-D90D8CCA0F02}.Debug|Any CPU.ActiveCfg = Debug|Any CPU
		{8650026C-CA08-4FB5-BDD4-D90D8CCA0F02}.Debug|Any CPU.Build.0 = Debug|Any CPU
		{8650026C-CA08-4FB5-BDD4-D90D8CCA0F02}.Release|Any CPU.ActiveCfg = Release|Any CPU
		{8650026C-CA08-4FB5-BDD4-D90D8CCA0F02}.Release|Any CPU.Build.0 = Release|Any CPU
		{EE70130A-70B7-44FB-987C-1594BEDD7571}.Debug|Any CPU.ActiveCfg = Debug|Any CPU
		{EE70130A-70B7-44FB-987C-1594BEDD7571}.Debug|Any CPU.Build.0 = Debug|Any CPU
		{EE70130A-70B7-44FB-987C-1594BEDD7571}.Release|Any CPU.ActiveCfg = Release|Any CPU
		{EE70130A-70B7-44FB-987C-1594BEDD7571}.Release|Any CPU.Build.0 = Release|Any CPU
	EndGlobalSection
EndGlobal
