
Microsoft Visual Studio Solution File, Format Version 12.00
Project("{FAE04EC0-301F-11D3-BF4B-00C04F79EFBC}") = "Planificateur.Core", "src\Planificateur.Core\Planificateur.Core.csproj", "{FBD11476-5841-4765-9836-44F65D6B95E4}"
EndProject
Project("{FAE04EC0-301F-11D3-BF4B-00C04F79EFBC}") = "Planificateur.Web", "src\Planificateur.Web\Planificateur.Web.csproj", "{1B6ECCFD-50E4-43CA-9290-FC851F1F9B28}"
EndProject
Project("{FAE04EC0-301F-11D3-BF4B-00C04F79EFBC}") = "Planificateur.Core.Tests", "test\Planificateur.Core.Tests\Planificateur.Core.Tests.csproj", "{41C8E50C-625C-40C2-B4AA-CF4E967551DB}"
EndProject
Project("{FAE04EC0-301F-11D3-BF4B-00C04F79EFBC}") = "Planificateur.Web.IntegrationTests", "test\Planificateur.Web.IntegrationTests\Planificateur.Web.IntegrationTests.csproj", "{50605981-15EE-4274-809C-066EA74705B8}"
EndProject
Project("{FAE04EC0-301F-11D3-BF4B-00C04F79EFBC}") = "Planificateur.Web.EndToEndTests", "test\Planificateur.Web.EndToEndTests\Planificateur.Web.EndToEndTests.csproj", "{8650026C-CA08-4FB5-BDD4-D90D8CCA0F02}"
EndProject
Project("{FAE04EC0-301F-11D3-BF4B-00C04F79EFBC}") = "Planificateur.Tests.Shared", "test\Planificateur.Tests.Shared\Planificateur.Tests.Shared.csproj", "{EE70130A-70B7-44FB-987C-1594BEDD7571}"
EndProject
Project("{FAE04EC0-301F-11D3-BF4B-00C04F79EFBC}") = "Planificateur.ClientSdk", "src\Planificateur.ClientSdk\Planificateur.ClientSdk.csproj", "{0078D76F-C261-413C-90AD-653F2007BA0A}"
EndProject
Global
	GlobalSection(SolutionConfigurationPlatforms) = preSolution
		Debug|Any CPU = Debug|Any CPU
		Release|Any CPU = Release|Any CPU
	EndGlobalSection
	GlobalSection(ProjectConfigurationPlatforms) = postSolution
		{FBD11476-5841-4765-9836-44F65D6B95E4}.Debug|Any CPU.ActiveCfg = Debug|Any CPU
		{FBD11476-5841-4765-9836-44F65D6B95E4}.Debug|Any CPU.Build.0 = Debug|Any CPU
		{FBD11476-5841-4765-9836-44F65D6B95E4}.Release|Any CPU.ActiveCfg = Release|Any CPU
		{FBD11476-5841-4765-9836-44F65D6B95E4}.Release|Any CPU.Build.0 = Release|Any CPU
		{1B6ECCFD-50E4-43CA-9290-FC851F1F9B28}.Debug|Any CPU.ActiveCfg = Debug|Any CPU
		{1B6ECCFD-50E4-43CA-9290-FC851F1F9B28}.Debug|Any CPU.Build.0 = Debug|Any CPU
		{1B6ECCFD-50E4-43CA-9290-FC851F1F9B28}.Release|Any CPU.ActiveCfg = Release|Any CPU
		{1B6ECCFD-50E4-43CA-9290-FC851F1F9B28}.Release|Any CPU.Build.0 = Release|Any CPU
		{41C8E50C-625C-40C2-B4AA-CF4E967551DB}.Debug|Any CPU.ActiveCfg = Debug|Any CPU
		{41C8E50C-625C-40C2-B4AA-CF4E967551DB}.Debug|Any CPU.Build.0 = Debug|Any CPU
		{41C8E50C-625C-40C2-B4AA-CF4E967551DB}.Release|Any CPU.ActiveCfg = Release|Any CPU
		{41C8E50C-625C-40C2-B4AA-CF4E967551DB}.Release|Any CPU.Build.0 = Release|Any CPU
		{50605981-15EE-4274-809C-066EA74705B8}.Debug|Any CPU.ActiveCfg = Debug|Any CPU
		{50605981-15EE-4274-809C-066EA74705B8}.Debug|Any CPU.Build.0 = Debug|Any CPU
		{50605981-15EE-4274-809C-066EA74705B8}.Release|Any CPU.ActiveCfg = Release|Any CPU
		{50605981-15EE-4274-809C-066EA74705B8}.Release|Any CPU.Build.0 = Release|Any CPU
		{8650026C-CA08-4FB5-BDD4-D90D8CCA0F02}.Debug|Any CPU.ActiveCfg = Debug|Any CPU
		{8650026C-CA08-4FB5-BDD4-D90D8CCA0F02}.Debug|Any CPU.Build.0 = Debug|Any CPU
		{8650026C-CA08-4FB5-BDD4-D90D8CCA0F02}.Release|Any CPU.ActiveCfg = Release|Any CPU
		{8650026C-CA08-4FB5-BDD4-D90D8CCA0F02}.Release|Any CPU.Build.0 = Release|Any CPU
		{EE70130A-70B7-44FB-987C-1594BEDD7571}.Debug|Any CPU.ActiveCfg = Debug|Any CPU
		{EE70130A-70B7-44FB-987C-1594BEDD7571}.Debug|Any CPU.Build.0 = Debug|Any CPU
		{EE70130A-70B7-44FB-987C-1594BEDD7571}.Release|Any CPU.ActiveCfg = Release|Any CPU
		{EE70130A-70B7-44FB-987C-1594BEDD7571}.Release|Any CPU.Build.0 = Release|Any CPU
		{2F3E61C1-8848-46EE-9D99-A821CBFB8E00}.Debug|Any CPU.ActiveCfg = Debug|Any CPU
		{2F3E61C1-8848-46EE-9D99-A821CBFB8E00}.Debug|Any CPU.Build.0 = Debug|Any CPU
		{2F3E61C1-8848-46EE-9D99-A821CBFB8E00}.Release|Any CPU.ActiveCfg = Release|Any CPU
		{2F3E61C1-8848-46EE-9D99-A821CBFB8E00}.Release|Any CPU.Build.0 = Release|Any CPU
		{6979B764-BAB9-4A4C-A664-A0AB9E12AF31}.Debug|Any CPU.ActiveCfg = Debug|Any CPU
		{6979B764-BAB9-4A4C-A664-A0AB9E12AF31}.Debug|Any CPU.Build.0 = Debug|Any CPU
		{6979B764-BAB9-4A4C-A664-A0AB9E12AF31}.Release|Any CPU.ActiveCfg = Release|Any CPU
		{6979B764-BAB9-4A4C-A664-A0AB9E12AF31}.Release|Any CPU.Build.0 = Release|Any CPU
		{A0106E91-52E0-4B52-A3A0-9C6397C8A0C6}.Debug|Any CPU.ActiveCfg = Debug|Any CPU
		{A0106E91-52E0-4B52-A3A0-9C6397C8A0C6}.Debug|Any CPU.Build.0 = Debug|Any CPU
		{A0106E91-52E0-4B52-A3A0-9C6397C8A0C6}.Release|Any CPU.ActiveCfg = Release|Any CPU
		{A0106E91-52E0-4B52-A3A0-9C6397C8A0C6}.Release|Any CPU.Build.0 = Release|Any CPU
		{A05D8E07-E1CA-4543-9A7F-A3DA58070A33}.Debug|Any CPU.ActiveCfg = Debug|Any CPU
		{A05D8E07-E1CA-4543-9A7F-A3DA58070A33}.Debug|Any CPU.Build.0 = Debug|Any CPU
		{A05D8E07-E1CA-4543-9A7F-A3DA58070A33}.Release|Any CPU.ActiveCfg = Release|Any CPU
		{A05D8E07-E1CA-4543-9A7F-A3DA58070A33}.Release|Any CPU.Build.0 = Release|Any CPU
		{7D45B36C-8B38-4EF6-A461-86392C63430B}.Debug|Any CPU.ActiveCfg = Debug|Any CPU
		{7D45B36C-8B38-4EF6-A461-86392C63430B}.Debug|Any CPU.Build.0 = Debug|Any CPU
		{7D45B36C-8B38-4EF6-A461-86392C63430B}.Release|Any CPU.ActiveCfg = Release|Any CPU
		{7D45B36C-8B38-4EF6-A461-86392C63430B}.Release|Any CPU.Build.0 = Release|Any CPU
		{47E2D981-97B7-4833-9A2B-A8CF5E938F09}.Debug|Any CPU.ActiveCfg = Debug|Any CPU
		{47E2D981-97B7-4833-9A2B-A8CF5E938F09}.Debug|Any CPU.Build.0 = Debug|Any CPU
		{47E2D981-97B7-4833-9A2B-A8CF5E938F09}.Release|Any CPU.ActiveCfg = Release|Any CPU
		{47E2D981-97B7-4833-9A2B-A8CF5E938F09}.Release|Any CPU.Build.0 = Release|Any CPU
		{D040EFAC-74CA-4558-917E-FF9056F6BAE4}.Debug|Any CPU.ActiveCfg = Debug|Any CPU
		{D040EFAC-74CA-4558-917E-FF9056F6BAE4}.Debug|Any CPU.Build.0 = Debug|Any CPU
		{D040EFAC-74CA-4558-917E-FF9056F6BAE4}.Release|Any CPU.ActiveCfg = Release|Any CPU
		{D040EFAC-74CA-4558-917E-FF9056F6BAE4}.Release|Any CPU.Build.0 = Release|Any CPU
		{989F828F-0B6A-46BF-9429-34DEB5A5F885}.Debug|Any CPU.ActiveCfg = Debug|Any CPU
		{989F828F-0B6A-46BF-9429-34DEB5A5F885}.Debug|Any CPU.Build.0 = Debug|Any CPU
		{989F828F-0B6A-46BF-9429-34DEB5A5F885}.Release|Any CPU.ActiveCfg = Release|Any CPU
		{989F828F-0B6A-46BF-9429-34DEB5A5F885}.Release|Any CPU.Build.0 = Release|Any CPU
		{2E892A5A-9789-4446-8744-2A4A4F39B144}.Debug|Any CPU.ActiveCfg = Debug|Any CPU
		{2E892A5A-9789-4446-8744-2A4A4F39B144}.Debug|Any CPU.Build.0 = Debug|Any CPU
		{2E892A5A-9789-4446-8744-2A4A4F39B144}.Release|Any CPU.ActiveCfg = Release|Any CPU
		{2E892A5A-9789-4446-8744-2A4A4F39B144}.Release|Any CPU.Build.0 = Release|Any CPU
		{0078D76F-C261-413C-90AD-653F2007BA0A}.Debug|Any CPU.ActiveCfg = Debug|Any CPU
		{0078D76F-C261-413C-90AD-653F2007BA0A}.Debug|Any CPU.Build.0 = Debug|Any CPU
		{0078D76F-C261-413C-90AD-653F2007BA0A}.Release|Any CPU.ActiveCfg = Release|Any CPU
		{0078D76F-C261-413C-90AD-653F2007BA0A}.Release|Any CPU.Build.0 = Release|Any CPU
	EndGlobalSection
EndGlobal
